
Microsoft Visual Studio Solution File, Format Version 11.00
# Visual Studio 2010
Project("{FAE04EC0-301F-11D3-BF4B-00C04F79EFBC}") = "iosDemo", "iosDemo.csproj", "{7A6D709C-A1ED-426C-B843-7CD560DC2861}"
EndProject
Project("{FAE04EC0-301F-11D3-BF4B-00C04F79EFBC}") = "Timesheet.Client.Shared", "..\Timesheet.Client.Shared\Timesheet.Client.Shared.csproj", "{9D80CE62-ADC8-4E03-A41A-DE65048D45A3}"
EndProject
Project("{2150E333-8FDC-42A3-9474-1A3956D46DE8}") = "Auth", "Auth", "{F1340882-3415-4305-B48C-ECC3316C92A1}"
EndProject
Project("{FAE04EC0-301F-11D3-BF4B-00C04F79EFBC}") = "Xamarin.Auth.iOS", "..\..\..\..\Github\graemefoster\Xamarin.Auth\src\Xamarin.Auth.iOS\Xamarin.Auth.iOS.csproj", "{9309BCCC-AA7B-4195-A130-D4572FA9488D}"
EndProject
Project("{FAE04EC0-301F-11D3-BF4B-00C04F79EFBC}") = "Xamarin.Auth.PCL", "..\..\..\..\Github\graemefoster\Xamarin.Auth\src\Xamarin.Auth.PCL\Xamarin.Auth.PCL.csproj", "{70DCB188-CA42-4FF9-9364-81DD62904C8C}"
EndProject
Global
	GlobalSection(SolutionConfigurationPlatforms) = preSolution
		Debug|iPhoneSimulator = Debug|iPhoneSimulator
		Release|iPhoneSimulator = Release|iPhoneSimulator
		Debug|iPhone = Debug|iPhone
		Release|iPhone = Release|iPhone
		Ad-Hoc|iPhone = Ad-Hoc|iPhone
		AppStore|iPhone = AppStore|iPhone
	EndGlobalSection
	GlobalSection(ProjectConfigurationPlatforms) = postSolution
		{70DCB188-CA42-4FF9-9364-81DD62904C8C}.Ad-Hoc|iPhone.ActiveCfg = Release|Any CPU
		{70DCB188-CA42-4FF9-9364-81DD62904C8C}.Ad-Hoc|iPhone.Build.0 = Release|Any CPU
		{70DCB188-CA42-4FF9-9364-81DD62904C8C}.AppStore|iPhone.ActiveCfg = Release|Any CPU
		{70DCB188-CA42-4FF9-9364-81DD62904C8C}.AppStore|iPhone.Build.0 = Release|Any CPU
		{70DCB188-CA42-4FF9-9364-81DD62904C8C}.Debug|iPhone.ActiveCfg = Debug|Any CPU
		{70DCB188-CA42-4FF9-9364-81DD62904C8C}.Debug|iPhone.Build.0 = Debug|Any CPU
		{70DCB188-CA42-4FF9-9364-81DD62904C8C}.Debug|iPhoneSimulator.ActiveCfg = Debug|Any CPU
		{70DCB188-CA42-4FF9-9364-81DD62904C8C}.Debug|iPhoneSimulator.Build.0 = Debug|Any CPU
		{70DCB188-CA42-4FF9-9364-81DD62904C8C}.Release|iPhone.ActiveCfg = Release|Any CPU
		{70DCB188-CA42-4FF9-9364-81DD62904C8C}.Release|iPhone.Build.0 = Release|Any CPU
		{70DCB188-CA42-4FF9-9364-81DD62904C8C}.Release|iPhoneSimulator.ActiveCfg = Release|Any CPU
		{70DCB188-CA42-4FF9-9364-81DD62904C8C}.Release|iPhoneSimulator.Build.0 = Release|Any CPU
		{7A6D709C-A1ED-426C-B843-7CD560DC2861}.Ad-Hoc|iPhone.ActiveCfg = Ad-Hoc|iPhone
		{7A6D709C-A1ED-426C-B843-7CD560DC2861}.Ad-Hoc|iPhone.Build.0 = Ad-Hoc|iPhone
		{7A6D709C-A1ED-426C-B843-7CD560DC2861}.AppStore|iPhone.ActiveCfg = AppStore|iPhone
		{7A6D709C-A1ED-426C-B843-7CD560DC2861}.AppStore|iPhone.Build.0 = AppStore|iPhone
		{7A6D709C-A1ED-426C-B843-7CD560DC2861}.Debug|iPhone.ActiveCfg = Debug|iPhone
		{7A6D709C-A1ED-426C-B843-7CD560DC2861}.Debug|iPhone.Build.0 = Debug|iPhone
		{7A6D709C-A1ED-426C-B843-7CD560DC2861}.Debug|iPhoneSimulator.ActiveCfg = Debug|iPhoneSimulator
		{7A6D709C-A1ED-426C-B843-7CD560DC2861}.Debug|iPhoneSimulator.Build.0 = Debug|iPhoneSimulator
		{7A6D709C-A1ED-426C-B843-7CD560DC2861}.Release|iPhone.ActiveCfg = Release|iPhone
		{7A6D709C-A1ED-426C-B843-7CD560DC2861}.Release|iPhone.Build.0 = Release|iPhone
		{7A6D709C-A1ED-426C-B843-7CD560DC2861}.Release|iPhoneSimulator.ActiveCfg = Release|iPhoneSimulator
		{7A6D709C-A1ED-426C-B843-7CD560DC2861}.Release|iPhoneSimulator.Build.0 = Release|iPhoneSimulator
		{9309BCCC-AA7B-4195-A130-D4572FA9488D}.Ad-Hoc|iPhone.ActiveCfg = Release|Any CPU
		{9309BCCC-AA7B-4195-A130-D4572FA9488D}.Ad-Hoc|iPhone.Build.0 = Release|Any CPU
		{9309BCCC-AA7B-4195-A130-D4572FA9488D}.AppStore|iPhone.ActiveCfg = Release|Any CPU
		{9309BCCC-AA7B-4195-A130-D4572FA9488D}.AppStore|iPhone.Build.0 = Release|Any CPU
		{9309BCCC-AA7B-4195-A130-D4572FA9488D}.Debug|iPhone.ActiveCfg = Debug|Any CPU
		{9309BCCC-AA7B-4195-A130-D4572FA9488D}.Debug|iPhone.Build.0 = Debug|Any CPU
		{9309BCCC-AA7B-4195-A130-D4572FA9488D}.Debug|iPhoneSimulator.ActiveCfg = Debug|Any CPU
		{9309BCCC-AA7B-4195-A130-D4572FA9488D}.Debug|iPhoneSimulator.Build.0 = Debug|Any CPU
		{9309BCCC-AA7B-4195-A130-D4572FA9488D}.Release|iPhone.ActiveCfg = Release|Any CPU
		{9309BCCC-AA7B-4195-A130-D4572FA9488D}.Release|iPhone.Build.0 = Release|Any CPU
		{9309BCCC-AA7B-4195-A130-D4572FA9488D}.Release|iPhoneSimulator.ActiveCfg = Release|Any CPU
		{9309BCCC-AA7B-4195-A130-D4572FA9488D}.Release|iPhoneSimulator.Build.0 = Release|Any CPU
		{9D80CE62-ADC8-4E03-A41A-DE65048D45A3}.Ad-Hoc|iPhone.ActiveCfg = Release|Any CPU
		{9D80CE62-ADC8-4E03-A41A-DE65048D45A3}.Ad-Hoc|iPhone.Build.0 = Release|Any CPU
		{9D80CE62-ADC8-4E03-A41A-DE65048D45A3}.AppStore|iPhone.ActiveCfg = Release|Any CPU
		{9D80CE62-ADC8-4E03-A41A-DE65048D45A3}.AppStore|iPhone.Build.0 = Release|Any CPU
		{9D80CE62-ADC8-4E03-A41A-DE65048D45A3}.Debug|iPhone.ActiveCfg = Debug|Any CPU
		{9D80CE62-ADC8-4E03-A41A-DE65048D45A3}.Debug|iPhone.Build.0 = Debug|Any CPU
		{9D80CE62-ADC8-4E03-A41A-DE65048D45A3}.Debug|iPhoneSimulator.ActiveCfg = Debug|Any CPU
		{9D80CE62-ADC8-4E03-A41A-DE65048D45A3}.Debug|iPhoneSimulator.Build.0 = Debug|Any CPU
		{9D80CE62-ADC8-4E03-A41A-DE65048D45A3}.Release|iPhone.ActiveCfg = Release|Any CPU
		{9D80CE62-ADC8-4E03-A41A-DE65048D45A3}.Release|iPhone.Build.0 = Release|Any CPU
		{9D80CE62-ADC8-4E03-A41A-DE65048D45A3}.Release|iPhoneSimulator.ActiveCfg = Release|Any CPU
		{9D80CE62-ADC8-4E03-A41A-DE65048D45A3}.Release|iPhoneSimulator.Build.0 = Release|Any CPU
	EndGlobalSection
	GlobalSection(NestedProjects) = preSolution
		{9309BCCC-AA7B-4195-A130-D4572FA9488D} = {F1340882-3415-4305-B48C-ECC3316C92A1}
		{70DCB188-CA42-4FF9-9364-81DD62904C8C} = {F1340882-3415-4305-B48C-ECC3316C92A1}
	EndGlobalSection
	GlobalSection(MonoDevelopProperties) = preSolution
		StartupItem = iosDemo.csproj
	EndGlobalSection
EndGlobal
